
Microsoft Visual Studio Solution File, Format Version 12.00
# Visual Studio Version 17
VisualStudioVersion = 17.0.31903.59
MinimumVisualStudioVersion = 10.0.40219.1
Project("{2150E333-8FDC-42A3-9474-1A3956D46DE8}") = "src", "src", "{D9D8BC2A-C4FB-4B2D-AA3E-FFF4198F6DCA}"
EndProject
Project("{FAE04EC0-301F-11D3-BF4B-00C04F79EFBC}") = "ModularMonolith.Web", "src\ModularMonolith.Web\ModularMonolith.Web.csproj", "{593A6AD4-28A1-4BFC-ABF5-49B2EA615659}"
EndProject
Project("{2150E333-8FDC-42A3-9474-1A3956D46DE8}") = "Modules", "Modules", "{D3EF0793-3D8B-4C02-B7A2-08582A53F4F5}"
EndProject
Project("{2150E333-8FDC-42A3-9474-1A3956D46DE8}") = "Tests", "Tests", "{4CA2AF2F-D2E9-4774-9855-1587A409D1EE}"
EndProject
Project("{FAE04EC0-301F-11D3-BF4B-00C04F79EFBC}") = "ModularMonolith.Module1.Tests", "tests\ModularMonolith.Module1.Tests\ModularMonolith.Module1.Tests.csproj", "{140D2C58-2E5E-41DA-A91D-E6BE9C0FDA0D}"
EndProject
Project("{2150E333-8FDC-42A3-9474-1A3956D46DE8}") = "Module1", "Module1", "{39352F18-1172-4E97-903D-C90D51E392B7}"
EndProject
Project("{FAE04EC0-301F-11D3-BF4B-00C04F79EFBC}") = "ModularMonolith.Module1", "src\Modules\Module1\ModularMonolith.Module1\ModularMonolith.Module1.csproj", "{C25100A6-DEB7-420A-8BE9-9D1B402751C2}"
EndProject
Project("{2150E333-8FDC-42A3-9474-1A3956D46DE8}") = "Users", "Users", "{05540A35-950F-4F80-8544-54DCDB7CDFC3}"
EndProject
Project("{FAE04EC0-301F-11D3-BF4B-00C04F79EFBC}") = "ModularMonolith.Users", "src\Modules\Users\ModularMonolith.Users\ModularMonolith.Users.csproj", "{7892559A-AAFF-44EF-93B8-CB777F1ED3BB}"
EndProject
Global
	GlobalSection(SolutionConfigurationPlatforms) = preSolution
		Debug|Any CPU = Debug|Any CPU
		Release|Any CPU = Release|Any CPU
	EndGlobalSection
	GlobalSection(ProjectConfigurationPlatforms) = postSolution
		{593A6AD4-28A1-4BFC-ABF5-49B2EA615659}.Debug|Any CPU.ActiveCfg = Debug|Any CPU
		{593A6AD4-28A1-4BFC-ABF5-49B2EA615659}.Debug|Any CPU.Build.0 = Debug|Any CPU
		{593A6AD4-28A1-4BFC-ABF5-49B2EA615659}.Release|Any CPU.ActiveCfg = Release|Any CPU
		{593A6AD4-28A1-4BFC-ABF5-49B2EA615659}.Release|Any CPU.Build.0 = Release|Any CPU
		{140D2C58-2E5E-41DA-A91D-E6BE9C0FDA0D}.Debug|Any CPU.ActiveCfg = Debug|Any CPU
		{140D2C58-2E5E-41DA-A91D-E6BE9C0FDA0D}.Debug|Any CPU.Build.0 = Debug|Any CPU
		{140D2C58-2E5E-41DA-A91D-E6BE9C0FDA0D}.Release|Any CPU.ActiveCfg = Release|Any CPU
		{140D2C58-2E5E-41DA-A91D-E6BE9C0FDA0D}.Release|Any CPU.Build.0 = Release|Any CPU
		{C25100A6-DEB7-420A-8BE9-9D1B402751C2}.Debug|Any CPU.ActiveCfg = Debug|Any CPU
		{C25100A6-DEB7-420A-8BE9-9D1B402751C2}.Debug|Any CPU.Build.0 = Debug|Any CPU
		{C25100A6-DEB7-420A-8BE9-9D1B402751C2}.Release|Any CPU.ActiveCfg = Release|Any CPU
		{C25100A6-DEB7-420A-8BE9-9D1B402751C2}.Release|Any CPU.Build.0 = Release|Any CPU
		{7892559A-AAFF-44EF-93B8-CB777F1ED3BB}.Debug|Any CPU.ActiveCfg = Debug|Any CPU
		{7892559A-AAFF-44EF-93B8-CB777F1ED3BB}.Debug|Any CPU.Build.0 = Debug|Any CPU
		{7892559A-AAFF-44EF-93B8-CB777F1ED3BB}.Release|Any CPU.ActiveCfg = Release|Any CPU
		{7892559A-AAFF-44EF-93B8-CB777F1ED3BB}.Release|Any CPU.Build.0 = Release|Any CPU
	EndGlobalSection
	GlobalSection(SolutionProperties) = preSolution
		HideSolutionNode = FALSE
	EndGlobalSection
	GlobalSection(NestedProjects) = preSolution
		{593A6AD4-28A1-4BFC-ABF5-49B2EA615659} = {D9D8BC2A-C4FB-4B2D-AA3E-FFF4198F6DCA}
		{D3EF0793-3D8B-4C02-B7A2-08582A53F4F5} = {D9D8BC2A-C4FB-4B2D-AA3E-FFF4198F6DCA}
		{140D2C58-2E5E-41DA-A91D-E6BE9C0FDA0D} = {4CA2AF2F-D2E9-4774-9855-1587A409D1EE}
		{39352F18-1172-4E97-903D-C90D51E392B7} = {D3EF0793-3D8B-4C02-B7A2-08582A53F4F5}
		{C25100A6-DEB7-420A-8BE9-9D1B402751C2} = {39352F18-1172-4E97-903D-C90D51E392B7}
		{05540A35-950F-4F80-8544-54DCDB7CDFC3} = {D3EF0793-3D8B-4C02-B7A2-08582A53F4F5}
		{7892559A-AAFF-44EF-93B8-CB777F1ED3BB} = {05540A35-950F-4F80-8544-54DCDB7CDFC3}
	EndGlobalSection
EndGlobal
